
Microsoft Visual Studio Solution File, Format Version 12.00
# Visual Studio Version 17
VisualStudioVersion = 17.7.34031.279
MinimumVisualStudioVersion = 10.0.40219.1
Project("{9A19103F-16F7-4668-BE54-9A1E7A4F7556}") = "PLVT08_HSZF_2024251.Console", "PLVT08_HSZF_2024251.Console\PLVT08_HSZF_2024251.Console.csproj", "{7F5CEE27-1924-4B9A-AF42-4776310156AF}"
EndProject
Project("{2150E333-8FDC-42A3-9474-1A3956D46DE8}") = "Presentation", "Presentation", "{F0D47B6C-118E-46E9-B4B3-FEF9155C60D0}"
EndProject
Project("{2150E333-8FDC-42A3-9474-1A3956D46DE8}") = "Infrastructure", "Infrastructure", "{CEBC3C83-D4C7-46D3-817C-A86E25110C70}"
EndProject
Project("{2150E333-8FDC-42A3-9474-1A3956D46DE8}") = "Domain", "Domain", "{08788869-5857-4620-B67F-269CD2C321A8}"
EndProject
Project("{2150E333-8FDC-42A3-9474-1A3956D46DE8}") = "Tests", "Tests", "{3DCD97C3-BBE3-496A-ADF9-7B1EBC202414}"
EndProject
Project("{2150E333-8FDC-42A3-9474-1A3956D46DE8}") = "Application", "Application", "{46940F01-35EE-4A42-88CC-D53CF94E1BA3}"
EndProject
Project("{9A19103F-16F7-4668-BE54-9A1E7A4F7556}") = "PLVT08_HSZF_2024251.Test", "PLVT08_HSZF_2024251.Test\PLVT08_HSZF_2024251.Test.csproj", "{5B95EF3A-636B-4635-8A36-92C01F5692E4}"
EndProject
Project("{9A19103F-16F7-4668-BE54-9A1E7A4F7556}") = "PLVT08_HSZF_2024251.Persistence.MsSql", "PLVT08_HSZF_2024251.Persistence.MsSql\PLVT08_HSZF_2024251.Persistence.MsSql.csproj", "{2D0E3159-191F-4D03-BCA7-BF837377B0B8}"
EndProject
Project("{9A19103F-16F7-4668-BE54-9A1E7A4F7556}") = "PLVT08_HSZF_2024251.Application", "PLVT08_HSZF_2024251.Application\PLVT08_HSZF_2024251.Application.csproj", "{FEDE3984-C952-4B8C-AFE7-2D7C31648FE8}"
EndProject
Project("{9A19103F-16F7-4668-BE54-9A1E7A4F7556}") = "PLVT08_HSZF_2024251.Model", "PLVT08_HSZF_2024251.Model\PLVT08_HSZF_2024251.Model.csproj", "{BFF8826C-60C3-49EC-B3A9-B82A346EE9FD}"
EndProject
Global
	GlobalSection(SolutionConfigurationPlatforms) = preSolution
		Debug|Any CPU = Debug|Any CPU
		Release|Any CPU = Release|Any CPU
	EndGlobalSection
	GlobalSection(ProjectConfigurationPlatforms) = postSolution
		{7F5CEE27-1924-4B9A-AF42-4776310156AF}.Debug|Any CPU.ActiveCfg = Debug|Any CPU
		{7F5CEE27-1924-4B9A-AF42-4776310156AF}.Debug|Any CPU.Build.0 = Debug|Any CPU
		{7F5CEE27-1924-4B9A-AF42-4776310156AF}.Release|Any CPU.ActiveCfg = Release|Any CPU
		{7F5CEE27-1924-4B9A-AF42-4776310156AF}.Release|Any CPU.Build.0 = Release|Any CPU
		{5B95EF3A-636B-4635-8A36-92C01F5692E4}.Debug|Any CPU.ActiveCfg = Debug|Any CPU
		{5B95EF3A-636B-4635-8A36-92C01F5692E4}.Debug|Any CPU.Build.0 = Debug|Any CPU
		{5B95EF3A-636B-4635-8A36-92C01F5692E4}.Release|Any CPU.ActiveCfg = Release|Any CPU
		{5B95EF3A-636B-4635-8A36-92C01F5692E4}.Release|Any CPU.Build.0 = Release|Any CPU
		{2D0E3159-191F-4D03-BCA7-BF837377B0B8}.Debug|Any CPU.ActiveCfg = Debug|Any CPU
		{2D0E3159-191F-4D03-BCA7-BF837377B0B8}.Debug|Any CPU.Build.0 = Debug|Any CPU
		{2D0E3159-191F-4D03-BCA7-BF837377B0B8}.Release|Any CPU.ActiveCfg = Release|Any CPU
		{2D0E3159-191F-4D03-BCA7-BF837377B0B8}.Release|Any CPU.Build.0 = Release|Any CPU
		{FEDE3984-C952-4B8C-AFE7-2D7C31648FE8}.Debug|Any CPU.ActiveCfg = Debug|Any CPU
		{FEDE3984-C952-4B8C-AFE7-2D7C31648FE8}.Debug|Any CPU.Build.0 = Debug|Any CPU
		{FEDE3984-C952-4B8C-AFE7-2D7C31648FE8}.Release|Any CPU.ActiveCfg = Release|Any CPU
		{FEDE3984-C952-4B8C-AFE7-2D7C31648FE8}.Release|Any CPU.Build.0 = Release|Any CPU
		{BFF8826C-60C3-49EC-B3A9-B82A346EE9FD}.Debug|Any CPU.ActiveCfg = Debug|Any CPU
		{BFF8826C-60C3-49EC-B3A9-B82A346EE9FD}.Debug|Any CPU.Build.0 = Debug|Any CPU
		{BFF8826C-60C3-49EC-B3A9-B82A346EE9FD}.Release|Any CPU.ActiveCfg = Release|Any CPU
		{BFF8826C-60C3-49EC-B3A9-B82A346EE9FD}.Release|Any CPU.Build.0 = Release|Any CPU
	EndGlobalSection
	GlobalSection(SolutionProperties) = preSolution
		HideSolutionNode = FALSE
	EndGlobalSection
	GlobalSection(NestedProjects) = preSolution
		{7F5CEE27-1924-4B9A-AF42-4776310156AF} = {F0D47B6C-118E-46E9-B4B3-FEF9155C60D0}
		{5B95EF3A-636B-4635-8A36-92C01F5692E4} = {3DCD97C3-BBE3-496A-ADF9-7B1EBC202414}
		{2D0E3159-191F-4D03-BCA7-BF837377B0B8} = {CEBC3C83-D4C7-46D3-817C-A86E25110C70}
		{FEDE3984-C952-4B8C-AFE7-2D7C31648FE8} = {46940F01-35EE-4A42-88CC-D53CF94E1BA3}
		{BFF8826C-60C3-49EC-B3A9-B82A346EE9FD} = {08788869-5857-4620-B67F-269CD2C321A8}
	EndGlobalSection
	GlobalSection(ExtensibilityGlobals) = postSolution
		SolutionGuid = {B21595BC-0630-47F0-9940-C86E6A308F1E}
	EndGlobalSection
EndGlobal
